
Microsoft Visual Studio Solution File, Format Version 12.00
# Visual Studio Version 17
VisualStudioVersion = 17.0.31903.59
MinimumVisualStudioVersion = 10.0.40219.1
Project("{FAE04EC0-301F-11D3-BF4B-00C04F79EFBC}") = "CadAlu.Android", "CadAlu\CadAlu.Android\CadAlu.Android.csproj", "{4EE8B1E6-EC0F-4DA8-A054-21FEFA6CA2BA}"
EndProject
Project("{FAE04EC0-301F-11D3-BF4B-00C04F79EFBC}") = "CadAlu.iOS", "CadAlu\CadAlu.iOS\CadAlu.iOS.csproj", "{25AD6C17-62F2-495B-BBB6-953789C47355}"
EndProject
Project("{9A19103F-16F7-4668-BE54-9A1E7A4F7556}") = "CadAlu", "CadAlu\CadAlu\CadAlu.csproj", "{88D73FD1-8801-4862-904E-0FEA940E7181}"
EndProject
Global
	GlobalSection(SolutionConfigurationPlatforms) = preSolution
		Debug|Any CPU = Debug|Any CPU
		Debug|iPhone = Debug|iPhone
		Debug|iPhoneSimulator = Debug|iPhoneSimulator
		Release|Any CPU = Release|Any CPU
		Release|iPhone = Release|iPhone
		Release|iPhoneSimulator = Release|iPhoneSimulator
	EndGlobalSection
	GlobalSection(ProjectConfigurationPlatforms) = postSolution
		{4EE8B1E6-EC0F-4DA8-A054-21FEFA6CA2BA}.Debug|Any CPU.ActiveCfg = Debug|Any CPU
		{4EE8B1E6-EC0F-4DA8-A054-21FEFA6CA2BA}.Debug|Any CPU.Build.0 = Debug|Any CPU
		{4EE8B1E6-EC0F-4DA8-A054-21FEFA6CA2BA}.Debug|Any CPU.Deploy.0 = Debug|Any CPU
		{4EE8B1E6-EC0F-4DA8-A054-21FEFA6CA2BA}.Debug|iPhone.ActiveCfg = Debug|Any CPU
		{4EE8B1E6-EC0F-4DA8-A054-21FEFA6CA2BA}.Debug|iPhone.Build.0 = Debug|Any CPU
		{4EE8B1E6-EC0F-4DA8-A054-21FEFA6CA2BA}.Debug|iPhone.Deploy.0 = Debug|Any CPU
		{4EE8B1E6-EC0F-4DA8-A054-21FEFA6CA2BA}.Debug|iPhoneSimulator.ActiveCfg = Debug|Any CPU
		{4EE8B1E6-EC0F-4DA8-A054-21FEFA6CA2BA}.Debug|iPhoneSimulator.Build.0 = Debug|Any CPU
		{4EE8B1E6-EC0F-4DA8-A054-21FEFA6CA2BA}.Debug|iPhoneSimulator.Deploy.0 = Debug|Any CPU
		{4EE8B1E6-EC0F-4DA8-A054-21FEFA6CA2BA}.Release|Any CPU.ActiveCfg = Release|Any CPU
		{4EE8B1E6-EC0F-4DA8-A054-21FEFA6CA2BA}.Release|Any CPU.Build.0 = Release|Any CPU
		{4EE8B1E6-EC0F-4DA8-A054-21FEFA6CA2BA}.Release|Any CPU.Deploy.0 = Release|Any CPU
		{4EE8B1E6-EC0F-4DA8-A054-21FEFA6CA2BA}.Release|iPhone.ActiveCfg = Release|Any CPU
		{4EE8B1E6-EC0F-4DA8-A054-21FEFA6CA2BA}.Release|iPhone.Build.0 = Release|Any CPU
		{4EE8B1E6-EC0F-4DA8-A054-21FEFA6CA2BA}.Release|iPhone.Deploy.0 = Release|Any CPU
		{4EE8B1E6-EC0F-4DA8-A054-21FEFA6CA2BA}.Release|iPhoneSimulator.ActiveCfg = Release|Any CPU
		{4EE8B1E6-EC0F-4DA8-A054-21FEFA6CA2BA}.Release|iPhoneSimulator.Build.0 = Release|Any CPU
		{4EE8B1E6-EC0F-4DA8-A054-21FEFA6CA2BA}.Release|iPhoneSimulator.Deploy.0 = Release|Any CPU
		{25AD6C17-62F2-495B-BBB6-953789C47355}.Debug|Any CPU.ActiveCfg = Debug|iPhone
		{25AD6C17-62F2-495B-BBB6-953789C47355}.Debug|Any CPU.Build.0 = Debug|iPhone
		{25AD6C17-62F2-495B-BBB6-953789C47355}.Debug|Any CPU.Deploy.0 = Debug|iPhone
		{25AD6C17-62F2-495B-BBB6-953789C47355}.Debug|iPhone.ActiveCfg = Debug|iPhone
		{25AD6C17-62F2-495B-BBB6-953789C47355}.Debug|iPhone.Build.0 = Debug|iPhone
		{25AD6C17-62F2-495B-BBB6-953789C47355}.Debug|iPhone.Deploy.0 = Debug|iPhone
		{25AD6C17-62F2-495B-BBB6-953789C47355}.Debug|iPhoneSimulator.ActiveCfg = Debug|iPhoneSimulator
		{25AD6C17-62F2-495B-BBB6-953789C47355}.Debug|iPhoneSimulator.Build.0 = Debug|iPhoneSimulator
		{25AD6C17-62F2-495B-BBB6-953789C47355}.Debug|iPhoneSimulator.Deploy.0 = Debug|iPhoneSimulator
		{25AD6C17-62F2-495B-BBB6-953789C47355}.Release|Any CPU.ActiveCfg = Release|iPhoneSimulator
		{25AD6C17-62F2-495B-BBB6-953789C47355}.Release|Any CPU.Build.0 = Release|iPhoneSimulator
		{25AD6C17-62F2-495B-BBB6-953789C47355}.Release|Any CPU.Deploy.0 = Release|iPhoneSimulator
		{25AD6C17-62F2-495B-BBB6-953789C47355}.Release|iPhone.ActiveCfg = Release|iPhone
		{25AD6C17-62F2-495B-BBB6-953789C47355}.Release|iPhone.Build.0 = Release|iPhone
		{25AD6C17-62F2-495B-BBB6-953789C47355}.Release|iPhone.Deploy.0 = Release|iPhone
		{25AD6C17-62F2-495B-BBB6-953789C47355}.Release|iPhoneSimulator.ActiveCfg = Release|iPhoneSimulator
		{25AD6C17-62F2-495B-BBB6-953789C47355}.Release|iPhoneSimulator.Build.0 = Release|iPhoneSimulator
		{25AD6C17-62F2-495B-BBB6-953789C47355}.Release|iPhoneSimulator.Deploy.0 = Release|iPhoneSimulator
		{88D73FD1-8801-4862-904E-0FEA940E7181}.Debug|Any CPU.ActiveCfg = Debug|Any CPU
		{88D73FD1-8801-4862-904E-0FEA940E7181}.Debug|Any CPU.Build.0 = Debug|Any CPU
		{88D73FD1-8801-4862-904E-0FEA940E7181}.Debug|Any CPU.Deploy.0 = Debug|Any CPU
		{88D73FD1-8801-4862-904E-0FEA940E7181}.Debug|iPhone.ActiveCfg = Debug|Any CPU
		{88D73FD1-8801-4862-904E-0FEA940E7181}.Debug|iPhone.Build.0 = Debug|Any CPU
		{88D73FD1-8801-4862-904E-0FEA940E7181}.Debug|iPhone.Deploy.0 = Debug|Any CPU
		{88D73FD1-8801-4862-904E-0FEA940E7181}.Debug|iPhoneSimulator.ActiveCfg = Debug|Any CPU
		{88D73FD1-8801-4862-904E-0FEA940E7181}.Debug|iPhoneSimulator.Build.0 = Debug|Any CPU
		{88D73FD1-8801-4862-904E-0FEA940E7181}.Debug|iPhoneSimulator.Deploy.0 = Debug|Any CPU
		{88D73FD1-8801-4862-904E-0FEA940E7181}.Release|Any CPU.ActiveCfg = Release|Any CPU
		{88D73FD1-8801-4862-904E-0FEA940E7181}.Release|Any CPU.Build.0 = Release|Any CPU
		{88D73FD1-8801-4862-904E-0FEA940E7181}.Release|Any CPU.Deploy.0 = Release|Any CPU
		{88D73FD1-8801-4862-904E-0FEA940E7181}.Release|iPhone.ActiveCfg = Release|Any CPU
		{88D73FD1-8801-4862-904E-0FEA940E7181}.Release|iPhone.Build.0 = Release|Any CPU
		{88D73FD1-8801-4862-904E-0FEA940E7181}.Release|iPhone.Deploy.0 = Release|Any CPU
		{88D73FD1-8801-4862-904E-0FEA940E7181}.Release|iPhoneSimulator.ActiveCfg = Release|Any CPU
		{88D73FD1-8801-4862-904E-0FEA940E7181}.Release|iPhoneSimulator.Build.0 = Release|Any CPU
		{88D73FD1-8801-4862-904E-0FEA940E7181}.Release|iPhoneSimulator.Deploy.0 = Release|Any CPU
	EndGlobalSection
	GlobalSection(SolutionProperties) = preSolution
		HideSolutionNode = FALSE
	EndGlobalSection
	GlobalSection(ExtensibilityGlobals) = postSolution
		SolutionGuid = {3475067C-DEA8-4721-9CE4-A28F711E40E3}
	EndGlobalSection
EndGlobal
